<?xml version="1.0" encoding="utf-8"?>
<Project ToolsVersion="4.0" xmlns="http://schemas.microsoft.com/developer/msbuild/2003">
  <ItemGroup>
    <ClCompile Include="..\..\src\DinfConcLimAccum.cpp" />
    <ClCompile Include="..\..\src\DinfConcLimAccummn.cpp" />
    <ClCompile Include="..\..\src\commonLib.cpp">
      <Filter>Common</Filter>
    </ClCompile>
    <ClCompile Include="..\..\src\tiffIO.cpp">
      <Filter>Common</Filter>
    </ClCompile>
    <ClCompile Include="..\..\src\ReadOutlets.cpp">
      <Filter>Common</Filter>
    </ClCompile>
    <ClCompile Include="..\..\src\shapelib\dbfopen.c">
      <Filter>Shapelib</Filter>
    </ClCompile>
    <ClCompile Include="..\..\src\shapelib\safileio.c">
      <Filter>Shapelib</Filter>
    </ClCompile>
    <ClCompile Include="..\..\src\shapelib\shpopen.c">
      <Filter>Shapelib</Filter>
    </ClCompile>
    <ClCompile Include="..\..\src\shapelib\shptree.c">
      <Filter>Shapelib</Filter>
    </ClCompile>
  </ItemGroup>
  <ItemGroup>
    <ResourceCompile Include="..\TauDEM.rc" />
  </ItemGroup>
  <ItemGroup>
    <Filter Include="Common">
      <UniqueIdentifier>{c2442bc5-27d0-4f3f-9384-02692ecc6043}</UniqueIdentifier>
    </Filter>
    <Filter Include="Shapelib">
      <UniqueIdentifier>{71300870-9499-4576-b52b-35f617400027}</UniqueIdentifier>
    </Filter>
  </ItemGroup>
  <ItemGroup>
    <ClInclude Include="..\..\src\shapelib\shapefil.h">
      <Filter>Shapelib</Filter>
    </ClInclude>
  </ItemGroup>
</Project>