<?xml version="1.0" encoding="utf-8"?>
<Project ToolsVersion="4.0" xmlns="http://schemas.microsoft.com/developer/msbuild/2003">
  <ItemGroup>
    <Filter Include="Common">
      <UniqueIdentifier>{b86f0284-1cc9-4cfe-a7cb-c360f1ceb8d9}</UniqueIdentifier>
    </Filter>
    <Filter Include="Shape">
      <UniqueIdentifier>{9f8002aa-583a-4da9-a4c8-6bcca2207b09}</UniqueIdentifier>
    </Filter>
  </ItemGroup>
  <ItemGroup>
    <ClCompile Include="..\..\src\commonLib.cpp">
      <Filter>Common</Filter>
    </ClCompile>
    <ClCompile Include="..\..\src\dirent.c">
      <Filter>Common</Filter>
    </ClCompile>
    <ClCompile Include="..\..\src\tifFile.cpp">
      <Filter>Common</Filter>
    </ClCompile>
    <ClCompile Include="..\..\src\tiffIO.cpp">
      <Filter>Common</Filter>
    </ClCompile>
    <ClCompile Include="..\..\src\shape\cell.cpp">
      <Filter>Shape</Filter>
    </ClCompile>
    <ClCompile Include="..\..\src\shape\dbf.cpp">
      <Filter>Shape</Filter>
    </ClCompile>
    <ClCompile Include="..\..\src\shape\exception.cpp">
      <Filter>Shape</Filter>
    </ClCompile>
    <ClCompile Include="..\..\src\shape\field.cpp">
      <Filter>Shape</Filter>
    </ClCompile>
    <ClCompile Include="..\..\src\shape\item.cpp">
      <Filter>Shape</Filter>
    </ClCompile>
    <ClCompile Include="..\..\src\shape\point.cpp">
      <Filter>Shape</Filter>
    </ClCompile>
    <ClCompile Include="..\..\src\shape\ReadOutlets.cpp">
      <Filter>Shape</Filter>
    </ClCompile>
    <ClCompile Include="..\..\src\shape\record.cpp">
      <Filter>Shape</Filter>
    </ClCompile>
    <ClCompile Include="..\..\src\shape\shape.cpp">
      <Filter>Shape</Filter>
    </ClCompile>
    <ClCompile Include="..\..\src\shape\shapefile.cpp">
      <Filter>Shape</Filter>
    </ClCompile>
    <ClCompile Include="..\..\src\shape\shapemain.cpp">
      <Filter>Shape</Filter>
    </ClCompile>
    <ClCompile Include="..\..\src\shape\shp_point.cpp">
      <Filter>Shape</Filter>
    </ClCompile>
    <ClCompile Include="..\..\src\shape\shp_polygon.cpp">
      <Filter>Shape</Filter>
    </ClCompile>
    <ClCompile Include="..\..\src\shape\shp_polyline.cpp">
      <Filter>Shape</Filter>
    </ClCompile>
    <ClCompile Include="..\..\src\gridnet.cpp" />
    <ClCompile Include="..\..\src\gridnetmn.cpp" />
  </ItemGroup>
  <ItemGroup>
    <ResourceCompile Include="..\TauDEM.rc" />
  </ItemGroup>
</Project>