<?xml version="1.0" encoding="utf-8"?>
<Project ToolsVersion="4.0" xmlns="http://schemas.microsoft.com/developer/msbuild/2003">
  <ItemGroup>
    <Filter Include="Common">
      <UniqueIdentifier>{070a79b7-2672-42fc-81c0-1ada7162a4d2}</UniqueIdentifier>
    </Filter>
  </ItemGroup>
  <ItemGroup>
    <ClCompile Include="..\..\src\commonLib.cpp">
      <Filter>Common</Filter>
    </ClCompile>
    <ClCompile Include="..\..\src\dirent.c">
      <Filter>Common</Filter>
    </ClCompile>
    <ClCompile Include="..\..\src\tifFile.cpp">
      <Filter>Common</Filter>
    </ClCompile>
    <ClCompile Include="..\..\src\tiffIO.cpp">
      <Filter>Common</Filter>
    </ClCompile>
    <ClCompile Include="..\..\src\PeukerDouglas.cpp" />
    <ClCompile Include="..\..\src\PeukerDouglasmn.cpp" />
  </ItemGroup>
  <ItemGroup>
    <ResourceCompile Include="..\TauDEM.rc" />
  </ItemGroup>
</Project>