
Microsoft Visual Studio Solution File, Format Version 11.00
# Visual Studio 2010
Project("{8BC9CEB8-8B4A-11D0-8D11-00A0C91BC942}") = "AreaDinf", "AreaDinf\AreaDinf.vcxproj", "{D7080581-4679-44A8-80BC-78AC2CB34F27}"
EndProject
Project("{8BC9CEB8-8B4A-11D0-8D11-00A0C91BC942}") = "PitRemove", "PitRemove\PitRemove.vcxproj", "{F3FF8A17-E319-496D-AD0D-2778B1318C4C}"
EndProject
Project("{8BC9CEB8-8B4A-11D0-8D11-00A0C91BC942}") = "AreaD8", "AreaD8\AreaD8.vcxproj", "{1F719C5A-49F0-4973-9059-DC3B24A7DAC7}"
EndProject
Project("{8BC9CEB8-8B4A-11D0-8D11-00A0C91BC942}") = "DinfDistUp", "DinfDistUp\DinfDistUp.vcxproj", "{DEE8495E-8D1B-40FA-B840-038FD8F6A042}"
EndProject
Project("{8BC9CEB8-8B4A-11D0-8D11-00A0C91BC942}") = "DinfDecayAccum", "DinfDecayAccum\DinfDecayAccum.vcxproj", "{C241BEF6-2980-4A4B-AD29-DF8DEC1A277A}"
EndProject
Project("{8BC9CEB8-8B4A-11D0-8D11-00A0C91BC942}") = "DinfTransLimAccum", "DinfTransLimAccum\DinfTransLimAccum.vcxproj", "{3546B19C-2277-4A3B-9644-33DA7992B6FF}"
EndProject
Project("{8BC9CEB8-8B4A-11D0-8D11-00A0C91BC942}") = "GridNet", "GridNet\GridNet.vcxproj", "{75475D1D-EBE0-4115-A469-DBAF4753AF71}"
EndProject
Project("{8BC9CEB8-8B4A-11D0-8D11-00A0C91BC942}") = "DinfUpDependence", "DinfUpDependence\DinfUpDependence.vcxproj", "{1CB8E012-9041-4526-8B4D-7C2BD113B727}"
EndProject
Project("{8BC9CEB8-8B4A-11D0-8D11-00A0C91BC942}") = "DinfRevAccum", "DinfRevAccum\DinfRevAccum.vcxproj", "{66EA6B53-79CD-40BF-AE08-FB0BCF3B27C0}"
EndProject
Project("{8BC9CEB8-8B4A-11D0-8D11-00A0C91BC942}") = "D8FlowDir", "D8FlowDir\D8FlowDir.vcxproj", "{C6693B09-06BD-4B5F-B110-0164F3BD067B}"
EndProject
Project("{8BC9CEB8-8B4A-11D0-8D11-00A0C91BC942}") = "DinfAvalanche", "DinfAvalanche\DinfAvalanche.vcxproj", "{5577121E-A6AF-4F36-9871-EE0DDF257018}"
EndProject
Project("{8BC9CEB8-8B4A-11D0-8D11-00A0C91BC942}") = "MoveOutletsToStreams", "MoveOutletsToStream\MoveOutletsToStream.vcxproj", "{9E91AA70-95BB-42F7-B22D-CB9A041E0D1E}"
EndProject
Project("{8BC9CEB8-8B4A-11D0-8D11-00A0C91BC942}") = "PeukerDouglas", "PeukerDouglas\PeukerDouglas.vcxproj", "{B0D12D33-141D-4512-B8D4-7A7254CA148D}"
EndProject
Project("{8BC9CEB8-8B4A-11D0-8D11-00A0C91BC942}") = "Threshold", "Threshold\Threshold.vcxproj", "{44CA9427-92FA-4D35-BBE1-FFA8750778F3}"
EndProject
Project("{8BC9CEB8-8B4A-11D0-8D11-00A0C91BC942}") = "SlopeArea", "SlopeArea\SlopeArea.vcxproj", "{1263C634-B845-4133-A3E8-8325617E1444}"
EndProject
Project("{8BC9CEB8-8B4A-11D0-8D11-00A0C91BC942}") = "LengthArea", "LengthArea\LengthArea.vcxproj", "{E7D2C753-F400-42A6-BDA0-55D9D8DD3DFD}"
EndProject
Project("{8BC9CEB8-8B4A-11D0-8D11-00A0C91BC942}") = "SlopeAreaRatio", "SlopeAreaRatio\SlopeAreaRatio.vcxproj", "{794E8A0B-58D1-4E7B-80FB-53843A5BB5A9}"
EndProject
Project("{8BC9CEB8-8B4A-11D0-8D11-00A0C91BC942}") = "DinfDistDown", "DinfDistDown\DinfDistDown.vcxproj", "{945BC663-5364-4B6A-96C5-6F27031E79CD}"
EndProject
Project("{8BC9CEB8-8B4A-11D0-8D11-00A0C91BC942}") = "DinfConcLimAccum", "DinfConcLimAccum\DinfConcLimAccum.vcxproj", "{A42444BF-A096-4427-928E-A55485CFA164}"
EndProject
Project("{8BC9CEB8-8B4A-11D0-8D11-00A0C91BC942}") = "DinfFlowDir", "DinfFlowDir\DinfFlowDir.vcxproj", "{CC7C206F-345F-4F34-9091-CC3E0256F68E}"
EndProject
Project("{8BC9CEB8-8B4A-11D0-8D11-00A0C91BC942}") = "D8FlowPathExtremeUp", "D8FlowPathExtremeUp\D8FlowPathExtremeUp.vcxproj", "{BB2F2558-239B-46B3-966D-0049A13CDBC1}"
EndProject
Project("{8BC9CEB8-8B4A-11D0-8D11-00A0C91BC942}") = "D8HDistToStrm", "D8HDistToStrm\D8HDistToStrm.vcxproj", "{566D2C4B-BFB7-461C-8566-2FC5D409DB9A}"
EndProject
Project("{8BC9CEB8-8B4A-11D0-8D11-00A0C91BC942}") = "SlopeAveDown", "SlopeAveDown\SlopeAveDown.vcxproj", "{FA755113-F613-4EC3-896F-246C7E89FCA2}"
EndProject
Project("{8BC9CEB8-8B4A-11D0-8D11-00A0C91BC942}") = "DropAnalysis", "DropAnalysis\DropAnalysis.vcxproj", "{C374B321-A8B3-4912-8C3A-A1B6E59A6AE3}"
EndProject
Project("{8BC9CEB8-8B4A-11D0-8D11-00A0C91BC942}") = "StreamNet", "StreamNet\StreamNet.vcxproj", "{26707262-DA99-4C17-862C-73F2FCE8D6C6}"
EndProject
Project("{8BC9CEB8-8B4A-11D0-8D11-00A0C91BC942}") = "GageWatershed", "GageWatershed\GageWatershed.vcxproj", "{53628677-A6AB-46E9-AE8D-050E23502BE7}"
EndProject
Project("{8BC9CEB8-8B4A-11D0-8D11-00A0C91BC942}") = "ConnectDown", "ConnectDown\ConnectDown.vcxproj", "{D648C90D-A668-46B8-A878-EE244149A912}"
EndProject
Project("{8BC9CEB8-8B4A-11D0-8D11-00A0C91BC942}") = "TWI", "TWI\TWI.vcxproj", "{EDC02324-802C-46BD-BBC2-F36F93467854}"
EndProject
Project("{8BC9CEB8-8B4A-11D0-8D11-00A0C91BC942}") = "ogrtest", "ogrtest\ogrtest.vcxproj", "{70C78058-6BEB-44D2-925B-B19E4A4FEE25}"
EndProject
Project("{8BC9CEB8-8B4A-11D0-8D11-00A0C91BC942}") = "SinmapSI", "SinmapSI\SinmapSI.vcxproj", "{4C94C630-FAFC-4EC9-8639-336E6FD7A85C}"
EndProject
Global
	GlobalSection(SolutionConfigurationPlatforms) = preSolution
		Debug|Itanium = Debug|Itanium
		Debug|Win32 = Debug|Win32
		Debug|x64 = Debug|x64
		Release|Itanium = Release|Itanium
		Release|Win32 = Release|Win32
		Release|x64 = Release|x64
	EndGlobalSection
	GlobalSection(ProjectConfigurationPlatforms) = postSolution
		{D7080581-4679-44A8-80BC-78AC2CB34F27}.Debug|Itanium.ActiveCfg = Debug|x64
		{D7080581-4679-44A8-80BC-78AC2CB34F27}.Debug|Win32.ActiveCfg = Debug|Win32
		{D7080581-4679-44A8-80BC-78AC2CB34F27}.Debug|Win32.Build.0 = Debug|Win32
		{D7080581-4679-44A8-80BC-78AC2CB34F27}.Debug|x64.ActiveCfg = Debug|x64
		{D7080581-4679-44A8-80BC-78AC2CB34F27}.Debug|x64.Build.0 = Debug|x64
		{D7080581-4679-44A8-80BC-78AC2CB34F27}.Release|Itanium.ActiveCfg = Release|x64
		{D7080581-4679-44A8-80BC-78AC2CB34F27}.Release|Win32.ActiveCfg = Release|Win32
		{D7080581-4679-44A8-80BC-78AC2CB34F27}.Release|Win32.Build.0 = Release|Win32
		{D7080581-4679-44A8-80BC-78AC2CB34F27}.Release|x64.ActiveCfg = Release|x64
		{D7080581-4679-44A8-80BC-78AC2CB34F27}.Release|x64.Build.0 = Release|x64
		{F3FF8A17-E319-496D-AD0D-2778B1318C4C}.Debug|Itanium.ActiveCfg = Debug|x64
		{F3FF8A17-E319-496D-AD0D-2778B1318C4C}.Debug|Win32.ActiveCfg = Debug|Win32
		{F3FF8A17-E319-496D-AD0D-2778B1318C4C}.Debug|Win32.Build.0 = Debug|Win32
		{F3FF8A17-E319-496D-AD0D-2778B1318C4C}.Debug|x64.ActiveCfg = Debug|x64
		{F3FF8A17-E319-496D-AD0D-2778B1318C4C}.Debug|x64.Build.0 = Debug|x64
		{F3FF8A17-E319-496D-AD0D-2778B1318C4C}.Release|Itanium.ActiveCfg = Release|x64
		{F3FF8A17-E319-496D-AD0D-2778B1318C4C}.Release|Win32.ActiveCfg = Release|Win32
		{F3FF8A17-E319-496D-AD0D-2778B1318C4C}.Release|Win32.Build.0 = Release|Win32
		{F3FF8A17-E319-496D-AD0D-2778B1318C4C}.Release|x64.ActiveCfg = Release|x64
		{F3FF8A17-E319-496D-AD0D-2778B1318C4C}.Release|x64.Build.0 = Release|x64
		{1F719C5A-49F0-4973-9059-DC3B24A7DAC7}.Debug|Itanium.ActiveCfg = Debug|x64
		{1F719C5A-49F0-4973-9059-DC3B24A7DAC7}.Debug|Win32.ActiveCfg = Debug|Win32
		{1F719C5A-49F0-4973-9059-DC3B24A7DAC7}.Debug|Win32.Build.0 = Debug|Win32
		{1F719C5A-49F0-4973-9059-DC3B24A7DAC7}.Debug|x64.ActiveCfg = Debug|x64
		{1F719C5A-49F0-4973-9059-DC3B24A7DAC7}.Debug|x64.Build.0 = Debug|x64
		{1F719C5A-49F0-4973-9059-DC3B24A7DAC7}.Release|Itanium.ActiveCfg = Release|x64
		{1F719C5A-49F0-4973-9059-DC3B24A7DAC7}.Release|Win32.ActiveCfg = Release|Win32
		{1F719C5A-49F0-4973-9059-DC3B24A7DAC7}.Release|Win32.Build.0 = Release|Win32
		{1F719C5A-49F0-4973-9059-DC3B24A7DAC7}.Release|x64.ActiveCfg = Release|x64
		{1F719C5A-49F0-4973-9059-DC3B24A7DAC7}.Release|x64.Build.0 = Release|x64
		{DEE8495E-8D1B-40FA-B840-038FD8F6A042}.Debug|Itanium.ActiveCfg = Debug|x64
		{DEE8495E-8D1B-40FA-B840-038FD8F6A042}.Debug|Win32.ActiveCfg = Debug|Win32
		{DEE8495E-8D1B-40FA-B840-038FD8F6A042}.Debug|Win32.Build.0 = Debug|Win32
		{DEE8495E-8D1B-40FA-B840-038FD8F6A042}.Debug|x64.ActiveCfg = Debug|x64
		{DEE8495E-8D1B-40FA-B840-038FD8F6A042}.Debug|x64.Build.0 = Debug|x64
		{DEE8495E-8D1B-40FA-B840-038FD8F6A042}.Release|Itanium.ActiveCfg = Release|x64
		{DEE8495E-8D1B-40FA-B840-038FD8F6A042}.Release|Win32.ActiveCfg = Release|Win32
		{DEE8495E-8D1B-40FA-B840-038FD8F6A042}.Release|Win32.Build.0 = Release|Win32
		{DEE8495E-8D1B-40FA-B840-038FD8F6A042}.Release|x64.ActiveCfg = Release|x64
		{DEE8495E-8D1B-40FA-B840-038FD8F6A042}.Release|x64.Build.0 = Release|x64
		{C241BEF6-2980-4A4B-AD29-DF8DEC1A277A}.Debug|Itanium.ActiveCfg = Debug|x64
		{C241BEF6-2980-4A4B-AD29-DF8DEC1A277A}.Debug|Win32.ActiveCfg = Debug|Win32
		{C241BEF6-2980-4A4B-AD29-DF8DEC1A277A}.Debug|Win32.Build.0 = Debug|Win32
		{C241BEF6-2980-4A4B-AD29-DF8DEC1A277A}.Debug|x64.ActiveCfg = Debug|x64
		{C241BEF6-2980-4A4B-AD29-DF8DEC1A277A}.Debug|x64.Build.0 = Debug|x64
		{C241BEF6-2980-4A4B-AD29-DF8DEC1A277A}.Release|Itanium.ActiveCfg = Release|x64
		{C241BEF6-2980-4A4B-AD29-DF8DEC1A277A}.Release|Win32.ActiveCfg = Release|Win32
		{C241BEF6-2980-4A4B-AD29-DF8DEC1A277A}.Release|Win32.Build.0 = Release|Win32
		{C241BEF6-2980-4A4B-AD29-DF8DEC1A277A}.Release|x64.ActiveCfg = Release|x64
		{C241BEF6-2980-4A4B-AD29-DF8DEC1A277A}.Release|x64.Build.0 = Release|x64
		{3546B19C-2277-4A3B-9644-33DA7992B6FF}.Debug|Itanium.ActiveCfg = Debug|x64
		{3546B19C-2277-4A3B-9644-33DA7992B6FF}.Debug|Win32.ActiveCfg = Debug|Win32
		{3546B19C-2277-4A3B-9644-33DA7992B6FF}.Debug|Win32.Build.0 = Debug|Win32
		{3546B19C-2277-4A3B-9644-33DA7992B6FF}.Debug|x64.ActiveCfg = Debug|x64
		{3546B19C-2277-4A3B-9644-33DA7992B6FF}.Debug|x64.Build.0 = Debug|x64
		{3546B19C-2277-4A3B-9644-33DA7992B6FF}.Release|Itanium.ActiveCfg = Release|x64
		{3546B19C-2277-4A3B-9644-33DA7992B6FF}.Release|Win32.ActiveCfg = Release|Win32
		{3546B19C-2277-4A3B-9644-33DA7992B6FF}.Release|Win32.Build.0 = Release|Win32
		{3546B19C-2277-4A3B-9644-33DA7992B6FF}.Release|x64.ActiveCfg = Release|x64
		{3546B19C-2277-4A3B-9644-33DA7992B6FF}.Release|x64.Build.0 = Release|x64
		{75475D1D-EBE0-4115-A469-DBAF4753AF71}.Debug|Itanium.ActiveCfg = Debug|x64
		{75475D1D-EBE0-4115-A469-DBAF4753AF71}.Debug|Win32.ActiveCfg = Debug|Win32
		{75475D1D-EBE0-4115-A469-DBAF4753AF71}.Debug|Win32.Build.0 = Debug|Win32
		{75475D1D-EBE0-4115-A469-DBAF4753AF71}.Debug|x64.ActiveCfg = Debug|x64
		{75475D1D-EBE0-4115-A469-DBAF4753AF71}.Debug|x64.Build.0 = Debug|x64
		{75475D1D-EBE0-4115-A469-DBAF4753AF71}.Release|Itanium.ActiveCfg = Release|x64
		{75475D1D-EBE0-4115-A469-DBAF4753AF71}.Release|Win32.ActiveCfg = Release|Win32
		{75475D1D-EBE0-4115-A469-DBAF4753AF71}.Release|Win32.Build.0 = Release|Win32
		{75475D1D-EBE0-4115-A469-DBAF4753AF71}.Release|x64.ActiveCfg = Release|x64
		{75475D1D-EBE0-4115-A469-DBAF4753AF71}.Release|x64.Build.0 = Release|x64
		{1CB8E012-9041-4526-8B4D-7C2BD113B727}.Debug|Itanium.ActiveCfg = Debug|x64
		{1CB8E012-9041-4526-8B4D-7C2BD113B727}.Debug|Win32.ActiveCfg = Debug|Win32
		{1CB8E012-9041-4526-8B4D-7C2BD113B727}.Debug|Win32.Build.0 = Debug|Win32
		{1CB8E012-9041-4526-8B4D-7C2BD113B727}.Debug|x64.ActiveCfg = Debug|x64
		{1CB8E012-9041-4526-8B4D-7C2BD113B727}.Debug|x64.Build.0 = Debug|x64
		{1CB8E012-9041-4526-8B4D-7C2BD113B727}.Release|Itanium.ActiveCfg = Release|x64
		{1CB8E012-9041-4526-8B4D-7C2BD113B727}.Release|Win32.ActiveCfg = Release|Win32
		{1CB8E012-9041-4526-8B4D-7C2BD113B727}.Release|Win32.Build.0 = Release|Win32
		{1CB8E012-9041-4526-8B4D-7C2BD113B727}.Release|x64.ActiveCfg = Release|x64
		{1CB8E012-9041-4526-8B4D-7C2BD113B727}.Release|x64.Build.0 = Release|x64
		{66EA6B53-79CD-40BF-AE08-FB0BCF3B27C0}.Debug|Itanium.ActiveCfg = Debug|x64
		{66EA6B53-79CD-40BF-AE08-FB0BCF3B27C0}.Debug|Win32.ActiveCfg = Debug|Win32
		{66EA6B53-79CD-40BF-AE08-FB0BCF3B27C0}.Debug|Win32.Build.0 = Debug|Win32
		{66EA6B53-79CD-40BF-AE08-FB0BCF3B27C0}.Debug|x64.ActiveCfg = Debug|x64
		{66EA6B53-79CD-40BF-AE08-FB0BCF3B27C0}.Debug|x64.Build.0 = Debug|x64
		{66EA6B53-79CD-40BF-AE08-FB0BCF3B27C0}.Release|Itanium.ActiveCfg = Release|x64
		{66EA6B53-79CD-40BF-AE08-FB0BCF3B27C0}.Release|Win32.ActiveCfg = Release|Win32
		{66EA6B53-79CD-40BF-AE08-FB0BCF3B27C0}.Release|Win32.Build.0 = Release|Win32
		{66EA6B53-79CD-40BF-AE08-FB0BCF3B27C0}.Release|x64.ActiveCfg = Release|x64
		{66EA6B53-79CD-40BF-AE08-FB0BCF3B27C0}.Release|x64.Build.0 = Release|x64
		{C6693B09-06BD-4B5F-B110-0164F3BD067B}.Debug|Itanium.ActiveCfg = Debug|x64
		{C6693B09-06BD-4B5F-B110-0164F3BD067B}.Debug|Win32.ActiveCfg = Debug|Win32
		{C6693B09-06BD-4B5F-B110-0164F3BD067B}.Debug|Win32.Build.0 = Debug|Win32
		{C6693B09-06BD-4B5F-B110-0164F3BD067B}.Debug|x64.ActiveCfg = Debug|x64
		{C6693B09-06BD-4B5F-B110-0164F3BD067B}.Debug|x64.Build.0 = Debug|x64
		{C6693B09-06BD-4B5F-B110-0164F3BD067B}.Release|Itanium.ActiveCfg = Release|x64
		{C6693B09-06BD-4B5F-B110-0164F3BD067B}.Release|Win32.ActiveCfg = Release|Win32
		{C6693B09-06BD-4B5F-B110-0164F3BD067B}.Release|Win32.Build.0 = Release|Win32
		{C6693B09-06BD-4B5F-B110-0164F3BD067B}.Release|x64.ActiveCfg = Release|x64
		{C6693B09-06BD-4B5F-B110-0164F3BD067B}.Release|x64.Build.0 = Release|x64
		{5577121E-A6AF-4F36-9871-EE0DDF257018}.Debug|Itanium.ActiveCfg = Debug|x64
		{5577121E-A6AF-4F36-9871-EE0DDF257018}.Debug|Win32.ActiveCfg = Debug|Win32
		{5577121E-A6AF-4F36-9871-EE0DDF257018}.Debug|Win32.Build.0 = Debug|Win32
		{5577121E-A6AF-4F36-9871-EE0DDF257018}.Debug|x64.ActiveCfg = Debug|x64
		{5577121E-A6AF-4F36-9871-EE0DDF257018}.Debug|x64.Build.0 = Debug|x64
		{5577121E-A6AF-4F36-9871-EE0DDF257018}.Release|Itanium.ActiveCfg = Release|x64
		{5577121E-A6AF-4F36-9871-EE0DDF257018}.Release|Win32.ActiveCfg = Release|Win32
		{5577121E-A6AF-4F36-9871-EE0DDF257018}.Release|Win32.Build.0 = Release|Win32
		{5577121E-A6AF-4F36-9871-EE0DDF257018}.Release|x64.ActiveCfg = Release|x64
		{5577121E-A6AF-4F36-9871-EE0DDF257018}.Release|x64.Build.0 = Release|x64
		{9E91AA70-95BB-42F7-B22D-CB9A041E0D1E}.Debug|Itanium.ActiveCfg = Debug|x64
		{9E91AA70-95BB-42F7-B22D-CB9A041E0D1E}.Debug|Win32.ActiveCfg = Debug|Win32
		{9E91AA70-95BB-42F7-B22D-CB9A041E0D1E}.Debug|Win32.Build.0 = Debug|Win32
		{9E91AA70-95BB-42F7-B22D-CB9A041E0D1E}.Debug|x64.ActiveCfg = Debug|x64
		{9E91AA70-95BB-42F7-B22D-CB9A041E0D1E}.Debug|x64.Build.0 = Debug|x64
		{9E91AA70-95BB-42F7-B22D-CB9A041E0D1E}.Release|Itanium.ActiveCfg = Release|x64
		{9E91AA70-95BB-42F7-B22D-CB9A041E0D1E}.Release|Win32.ActiveCfg = Release|Win32
		{9E91AA70-95BB-42F7-B22D-CB9A041E0D1E}.Release|Win32.Build.0 = Release|Win32
		{9E91AA70-95BB-42F7-B22D-CB9A041E0D1E}.Release|x64.ActiveCfg = Release|x64
		{9E91AA70-95BB-42F7-B22D-CB9A041E0D1E}.Release|x64.Build.0 = Release|x64
		{B0D12D33-141D-4512-B8D4-7A7254CA148D}.Debug|Itanium.ActiveCfg = Debug|x64
		{B0D12D33-141D-4512-B8D4-7A7254CA148D}.Debug|Win32.ActiveCfg = Debug|Win32
		{B0D12D33-141D-4512-B8D4-7A7254CA148D}.Debug|Win32.Build.0 = Debug|Win32
		{B0D12D33-141D-4512-B8D4-7A7254CA148D}.Debug|x64.ActiveCfg = Debug|x64
		{B0D12D33-141D-4512-B8D4-7A7254CA148D}.Debug|x64.Build.0 = Debug|x64
		{B0D12D33-141D-4512-B8D4-7A7254CA148D}.Release|Itanium.ActiveCfg = Release|x64
		{B0D12D33-141D-4512-B8D4-7A7254CA148D}.Release|Win32.ActiveCfg = Release|Win32
		{B0D12D33-141D-4512-B8D4-7A7254CA148D}.Release|Win32.Build.0 = Release|Win32
		{B0D12D33-141D-4512-B8D4-7A7254CA148D}.Release|x64.ActiveCfg = Release|x64
		{B0D12D33-141D-4512-B8D4-7A7254CA148D}.Release|x64.Build.0 = Release|x64
		{44CA9427-92FA-4D35-BBE1-FFA8750778F3}.Debug|Itanium.ActiveCfg = Debug|x64
		{44CA9427-92FA-4D35-BBE1-FFA8750778F3}.Debug|Win32.ActiveCfg = Debug|Win32
		{44CA9427-92FA-4D35-BBE1-FFA8750778F3}.Debug|Win32.Build.0 = Debug|Win32
		{44CA9427-92FA-4D35-BBE1-FFA8750778F3}.Debug|x64.ActiveCfg = Debug|x64
		{44CA9427-92FA-4D35-BBE1-FFA8750778F3}.Debug|x64.Build.0 = Debug|x64
		{44CA9427-92FA-4D35-BBE1-FFA8750778F3}.Release|Itanium.ActiveCfg = Release|x64
		{44CA9427-92FA-4D35-BBE1-FFA8750778F3}.Release|Win32.ActiveCfg = Release|Win32
		{44CA9427-92FA-4D35-BBE1-FFA8750778F3}.Release|Win32.Build.0 = Release|Win32
		{44CA9427-92FA-4D35-BBE1-FFA8750778F3}.Release|x64.ActiveCfg = Release|x64
		{44CA9427-92FA-4D35-BBE1-FFA8750778F3}.Release|x64.Build.0 = Release|x64
		{1263C634-B845-4133-A3E8-8325617E1444}.Debug|Itanium.ActiveCfg = Debug|x64
		{1263C634-B845-4133-A3E8-8325617E1444}.Debug|Win32.ActiveCfg = Debug|Win32
		{1263C634-B845-4133-A3E8-8325617E1444}.Debug|Win32.Build.0 = Debug|Win32
		{1263C634-B845-4133-A3E8-8325617E1444}.Debug|x64.ActiveCfg = Debug|x64
		{1263C634-B845-4133-A3E8-8325617E1444}.Debug|x64.Build.0 = Debug|x64
		{1263C634-B845-4133-A3E8-8325617E1444}.Release|Itanium.ActiveCfg = Release|x64
		{1263C634-B845-4133-A3E8-8325617E1444}.Release|Win32.ActiveCfg = Release|Win32
		{1263C634-B845-4133-A3E8-8325617E1444}.Release|Win32.Build.0 = Release|Win32
		{1263C634-B845-4133-A3E8-8325617E1444}.Release|x64.ActiveCfg = Release|x64
		{1263C634-B845-4133-A3E8-8325617E1444}.Release|x64.Build.0 = Release|x64
		{E7D2C753-F400-42A6-BDA0-55D9D8DD3DFD}.Debug|Itanium.ActiveCfg = Debug|x64
		{E7D2C753-F400-42A6-BDA0-55D9D8DD3DFD}.Debug|Win32.ActiveCfg = Debug|Win32
		{E7D2C753-F400-42A6-BDA0-55D9D8DD3DFD}.Debug|Win32.Build.0 = Debug|Win32
		{E7D2C753-F400-42A6-BDA0-55D9D8DD3DFD}.Debug|x64.ActiveCfg = Debug|x64
		{E7D2C753-F400-42A6-BDA0-55D9D8DD3DFD}.Debug|x64.Build.0 = Debug|x64
		{E7D2C753-F400-42A6-BDA0-55D9D8DD3DFD}.Release|Itanium.ActiveCfg = Release|x64
		{E7D2C753-F400-42A6-BDA0-55D9D8DD3DFD}.Release|Win32.ActiveCfg = Release|Win32
		{E7D2C753-F400-42A6-BDA0-55D9D8DD3DFD}.Release|Win32.Build.0 = Release|Win32
		{E7D2C753-F400-42A6-BDA0-55D9D8DD3DFD}.Release|x64.ActiveCfg = Release|x64
		{E7D2C753-F400-42A6-BDA0-55D9D8DD3DFD}.Release|x64.Build.0 = Release|x64
		{794E8A0B-58D1-4E7B-80FB-53843A5BB5A9}.Debug|Itanium.ActiveCfg = Debug|x64
		{794E8A0B-58D1-4E7B-80FB-53843A5BB5A9}.Debug|Win32.ActiveCfg = Debug|Win32
		{794E8A0B-58D1-4E7B-80FB-53843A5BB5A9}.Debug|Win32.Build.0 = Debug|Win32
		{794E8A0B-58D1-4E7B-80FB-53843A5BB5A9}.Debug|x64.ActiveCfg = Debug|x64
		{794E8A0B-58D1-4E7B-80FB-53843A5BB5A9}.Debug|x64.Build.0 = Debug|x64
		{794E8A0B-58D1-4E7B-80FB-53843A5BB5A9}.Release|Itanium.ActiveCfg = Release|x64
		{794E8A0B-58D1-4E7B-80FB-53843A5BB5A9}.Release|Win32.ActiveCfg = Release|Win32
		{794E8A0B-58D1-4E7B-80FB-53843A5BB5A9}.Release|Win32.Build.0 = Release|Win32
		{794E8A0B-58D1-4E7B-80FB-53843A5BB5A9}.Release|x64.ActiveCfg = Release|x64
		{794E8A0B-58D1-4E7B-80FB-53843A5BB5A9}.Release|x64.Build.0 = Release|x64
		{945BC663-5364-4B6A-96C5-6F27031E79CD}.Debug|Itanium.ActiveCfg = Debug|x64
		{945BC663-5364-4B6A-96C5-6F27031E79CD}.Debug|Win32.ActiveCfg = Debug|Win32
		{945BC663-5364-4B6A-96C5-6F27031E79CD}.Debug|Win32.Build.0 = Debug|Win32
		{945BC663-5364-4B6A-96C5-6F27031E79CD}.Debug|x64.ActiveCfg = Debug|x64
		{945BC663-5364-4B6A-96C5-6F27031E79CD}.Debug|x64.Build.0 = Debug|x64
		{945BC663-5364-4B6A-96C5-6F27031E79CD}.Release|Itanium.ActiveCfg = Release|x64
		{945BC663-5364-4B6A-96C5-6F27031E79CD}.Release|Win32.ActiveCfg = Release|Win32
		{945BC663-5364-4B6A-96C5-6F27031E79CD}.Release|Win32.Build.0 = Release|Win32
		{945BC663-5364-4B6A-96C5-6F27031E79CD}.Release|x64.ActiveCfg = Release|x64
		{945BC663-5364-4B6A-96C5-6F27031E79CD}.Release|x64.Build.0 = Release|x64
		{A42444BF-A096-4427-928E-A55485CFA164}.Debug|Itanium.ActiveCfg = Debug|x64
		{A42444BF-A096-4427-928E-A55485CFA164}.Debug|Win32.ActiveCfg = Debug|Win32
		{A42444BF-A096-4427-928E-A55485CFA164}.Debug|Win32.Build.0 = Debug|Win32
		{A42444BF-A096-4427-928E-A55485CFA164}.Debug|x64.ActiveCfg = Debug|x64
		{A42444BF-A096-4427-928E-A55485CFA164}.Debug|x64.Build.0 = Debug|x64
		{A42444BF-A096-4427-928E-A55485CFA164}.Release|Itanium.ActiveCfg = Release|x64
		{A42444BF-A096-4427-928E-A55485CFA164}.Release|Win32.ActiveCfg = Release|Win32
		{A42444BF-A096-4427-928E-A55485CFA164}.Release|Win32.Build.0 = Release|Win32
		{A42444BF-A096-4427-928E-A55485CFA164}.Release|x64.ActiveCfg = Release|x64
		{A42444BF-A096-4427-928E-A55485CFA164}.Release|x64.Build.0 = Release|x64
		{CC7C206F-345F-4F34-9091-CC3E0256F68E}.Debug|Itanium.ActiveCfg = Debug|x64
		{CC7C206F-345F-4F34-9091-CC3E0256F68E}.Debug|Win32.ActiveCfg = Debug|Win32
		{CC7C206F-345F-4F34-9091-CC3E0256F68E}.Debug|Win32.Build.0 = Debug|Win32
		{CC7C206F-345F-4F34-9091-CC3E0256F68E}.Debug|x64.ActiveCfg = Debug|x64
		{CC7C206F-345F-4F34-9091-CC3E0256F68E}.Debug|x64.Build.0 = Debug|x64
		{CC7C206F-345F-4F34-9091-CC3E0256F68E}.Release|Itanium.ActiveCfg = Release|x64
		{CC7C206F-345F-4F34-9091-CC3E0256F68E}.Release|Win32.ActiveCfg = Release|Win32
		{CC7C206F-345F-4F34-9091-CC3E0256F68E}.Release|Win32.Build.0 = Release|Win32
		{CC7C206F-345F-4F34-9091-CC3E0256F68E}.Release|x64.ActiveCfg = Release|x64
		{CC7C206F-345F-4F34-9091-CC3E0256F68E}.Release|x64.Build.0 = Release|x64
		{BB2F2558-239B-46B3-966D-0049A13CDBC1}.Debug|Itanium.ActiveCfg = Debug|x64
		{BB2F2558-239B-46B3-966D-0049A13CDBC1}.Debug|Win32.ActiveCfg = Debug|Win32
		{BB2F2558-239B-46B3-966D-0049A13CDBC1}.Debug|Win32.Build.0 = Debug|Win32
		{BB2F2558-239B-46B3-966D-0049A13CDBC1}.Debug|x64.ActiveCfg = Debug|x64
		{BB2F2558-239B-46B3-966D-0049A13CDBC1}.Debug|x64.Build.0 = Debug|x64
		{BB2F2558-239B-46B3-966D-0049A13CDBC1}.Release|Itanium.ActiveCfg = Release|x64
		{BB2F2558-239B-46B3-966D-0049A13CDBC1}.Release|Win32.ActiveCfg = Release|Win32
		{BB2F2558-239B-46B3-966D-0049A13CDBC1}.Release|Win32.Build.0 = Release|Win32
		{BB2F2558-239B-46B3-966D-0049A13CDBC1}.Release|x64.ActiveCfg = Release|x64
		{BB2F2558-239B-46B3-966D-0049A13CDBC1}.Release|x64.Build.0 = Release|x64
		{566D2C4B-BFB7-461C-8566-2FC5D409DB9A}.Debug|Itanium.ActiveCfg = Debug|x64
		{566D2C4B-BFB7-461C-8566-2FC5D409DB9A}.Debug|Win32.ActiveCfg = Debug|Win32
		{566D2C4B-BFB7-461C-8566-2FC5D409DB9A}.Debug|Win32.Build.0 = Debug|Win32
		{566D2C4B-BFB7-461C-8566-2FC5D409DB9A}.Debug|x64.ActiveCfg = Debug|x64
		{566D2C4B-BFB7-461C-8566-2FC5D409DB9A}.Debug|x64.Build.0 = Debug|x64
		{566D2C4B-BFB7-461C-8566-2FC5D409DB9A}.Release|Itanium.ActiveCfg = Release|x64
		{566D2C4B-BFB7-461C-8566-2FC5D409DB9A}.Release|Win32.ActiveCfg = Release|Win32
		{566D2C4B-BFB7-461C-8566-2FC5D409DB9A}.Release|Win32.Build.0 = Release|Win32
		{566D2C4B-BFB7-461C-8566-2FC5D409DB9A}.Release|x64.ActiveCfg = Release|x64
		{566D2C4B-BFB7-461C-8566-2FC5D409DB9A}.Release|x64.Build.0 = Release|x64
		{FA755113-F613-4EC3-896F-246C7E89FCA2}.Debug|Itanium.ActiveCfg = Debug|x64
		{FA755113-F613-4EC3-896F-246C7E89FCA2}.Debug|Win32.ActiveCfg = Debug|Win32
		{FA755113-F613-4EC3-896F-246C7E89FCA2}.Debug|Win32.Build.0 = Debug|Win32
		{FA755113-F613-4EC3-896F-246C7E89FCA2}.Debug|x64.ActiveCfg = Debug|x64
		{FA755113-F613-4EC3-896F-246C7E89FCA2}.Debug|x64.Build.0 = Debug|x64
		{FA755113-F613-4EC3-896F-246C7E89FCA2}.Release|Itanium.ActiveCfg = Release|x64
		{FA755113-F613-4EC3-896F-246C7E89FCA2}.Release|Win32.ActiveCfg = Release|Win32
		{FA755113-F613-4EC3-896F-246C7E89FCA2}.Release|Win32.Build.0 = Release|Win32
		{FA755113-F613-4EC3-896F-246C7E89FCA2}.Release|x64.ActiveCfg = Release|x64
		{FA755113-F613-4EC3-896F-246C7E89FCA2}.Release|x64.Build.0 = Release|x64
		{C374B321-A8B3-4912-8C3A-A1B6E59A6AE3}.Debug|Itanium.ActiveCfg = Debug|x64
		{C374B321-A8B3-4912-8C3A-A1B6E59A6AE3}.Debug|Win32.ActiveCfg = Debug|Win32
		{C374B321-A8B3-4912-8C3A-A1B6E59A6AE3}.Debug|Win32.Build.0 = Debug|Win32
		{C374B321-A8B3-4912-8C3A-A1B6E59A6AE3}.Debug|x64.ActiveCfg = Debug|x64
		{C374B321-A8B3-4912-8C3A-A1B6E59A6AE3}.Debug|x64.Build.0 = Debug|x64
		{C374B321-A8B3-4912-8C3A-A1B6E59A6AE3}.Release|Itanium.ActiveCfg = Release|x64
		{C374B321-A8B3-4912-8C3A-A1B6E59A6AE3}.Release|Win32.ActiveCfg = Release|Win32
		{C374B321-A8B3-4912-8C3A-A1B6E59A6AE3}.Release|Win32.Build.0 = Release|Win32
		{C374B321-A8B3-4912-8C3A-A1B6E59A6AE3}.Release|x64.ActiveCfg = Release|x64
		{C374B321-A8B3-4912-8C3A-A1B6E59A6AE3}.Release|x64.Build.0 = Release|x64
		{26707262-DA99-4C17-862C-73F2FCE8D6C6}.Debug|Itanium.ActiveCfg = Debug|x64
		{26707262-DA99-4C17-862C-73F2FCE8D6C6}.Debug|Win32.ActiveCfg = Debug|Win32
		{26707262-DA99-4C17-862C-73F2FCE8D6C6}.Debug|Win32.Build.0 = Debug|Win32
		{26707262-DA99-4C17-862C-73F2FCE8D6C6}.Debug|x64.ActiveCfg = Debug|x64
		{26707262-DA99-4C17-862C-73F2FCE8D6C6}.Debug|x64.Build.0 = Debug|x64
		{26707262-DA99-4C17-862C-73F2FCE8D6C6}.Release|Itanium.ActiveCfg = Release|x64
		{26707262-DA99-4C17-862C-73F2FCE8D6C6}.Release|Win32.ActiveCfg = Release|Win32
		{26707262-DA99-4C17-862C-73F2FCE8D6C6}.Release|Win32.Build.0 = Release|Win32
		{26707262-DA99-4C17-862C-73F2FCE8D6C6}.Release|x64.ActiveCfg = Release|x64
		{26707262-DA99-4C17-862C-73F2FCE8D6C6}.Release|x64.Build.0 = Release|x64
		{53628677-A6AB-46E9-AE8D-050E23502BE7}.Debug|Itanium.ActiveCfg = Debug|x64
		{53628677-A6AB-46E9-AE8D-050E23502BE7}.Debug|Win32.ActiveCfg = Debug|Win32
		{53628677-A6AB-46E9-AE8D-050E23502BE7}.Debug|Win32.Build.0 = Debug|Win32
		{53628677-A6AB-46E9-AE8D-050E23502BE7}.Debug|x64.ActiveCfg = Debug|x64
		{53628677-A6AB-46E9-AE8D-050E23502BE7}.Debug|x64.Build.0 = Debug|x64
		{53628677-A6AB-46E9-AE8D-050E23502BE7}.Release|Itanium.ActiveCfg = Release|x64
		{53628677-A6AB-46E9-AE8D-050E23502BE7}.Release|Win32.ActiveCfg = Release|Win32
		{53628677-A6AB-46E9-AE8D-050E23502BE7}.Release|Win32.Build.0 = Release|Win32
		{53628677-A6AB-46E9-AE8D-050E23502BE7}.Release|x64.ActiveCfg = Release|x64
		{53628677-A6AB-46E9-AE8D-050E23502BE7}.Release|x64.Build.0 = Release|x64
		{D648C90D-A668-46B8-A878-EE244149A912}.Debug|Itanium.ActiveCfg = Debug|x64
		{D648C90D-A668-46B8-A878-EE244149A912}.Debug|Win32.ActiveCfg = Debug|Win32
		{D648C90D-A668-46B8-A878-EE244149A912}.Debug|Win32.Build.0 = Debug|Win32
		{D648C90D-A668-46B8-A878-EE244149A912}.Debug|x64.ActiveCfg = Debug|x64
		{D648C90D-A668-46B8-A878-EE244149A912}.Debug|x64.Build.0 = Debug|x64
		{D648C90D-A668-46B8-A878-EE244149A912}.Release|Itanium.ActiveCfg = Release|x64
		{D648C90D-A668-46B8-A878-EE244149A912}.Release|Win32.ActiveCfg = Release|Win32
		{D648C90D-A668-46B8-A878-EE244149A912}.Release|Win32.Build.0 = Release|Win32
		{D648C90D-A668-46B8-A878-EE244149A912}.Release|x64.ActiveCfg = Release|x64
		{D648C90D-A668-46B8-A878-EE244149A912}.Release|x64.Build.0 = Release|x64
		{EDC02324-802C-46BD-BBC2-F36F93467854}.Debug|Itanium.ActiveCfg = Debug|x64
		{EDC02324-802C-46BD-BBC2-F36F93467854}.Debug|Win32.ActiveCfg = Debug|Win32
		{EDC02324-802C-46BD-BBC2-F36F93467854}.Debug|Win32.Build.0 = Debug|Win32
		{EDC02324-802C-46BD-BBC2-F36F93467854}.Debug|x64.ActiveCfg = Debug|x64
		{EDC02324-802C-46BD-BBC2-F36F93467854}.Debug|x64.Build.0 = Debug|x64
		{EDC02324-802C-46BD-BBC2-F36F93467854}.Release|Itanium.ActiveCfg = Release|x64
		{EDC02324-802C-46BD-BBC2-F36F93467854}.Release|Win32.ActiveCfg = Release|Win32
		{EDC02324-802C-46BD-BBC2-F36F93467854}.Release|Win32.Build.0 = Release|Win32
		{EDC02324-802C-46BD-BBC2-F36F93467854}.Release|x64.ActiveCfg = Release|x64
		{EDC02324-802C-46BD-BBC2-F36F93467854}.Release|x64.Build.0 = Release|x64
		{70C78058-6BEB-44D2-925B-B19E4A4FEE25}.Debug|Itanium.ActiveCfg = Debug|Win32
		{70C78058-6BEB-44D2-925B-B19E4A4FEE25}.Debug|Win32.ActiveCfg = Debug|Win32
		{70C78058-6BEB-44D2-925B-B19E4A4FEE25}.Debug|Win32.Build.0 = Debug|Win32
		{70C78058-6BEB-44D2-925B-B19E4A4FEE25}.Debug|x64.ActiveCfg = Debug|x64
		{70C78058-6BEB-44D2-925B-B19E4A4FEE25}.Debug|x64.Build.0 = Debug|x64
		{70C78058-6BEB-44D2-925B-B19E4A4FEE25}.Release|Itanium.ActiveCfg = Release|Win32
		{70C78058-6BEB-44D2-925B-B19E4A4FEE25}.Release|Win32.ActiveCfg = Release|Win32
		{70C78058-6BEB-44D2-925B-B19E4A4FEE25}.Release|x64.ActiveCfg = Release|x64
		{4C94C630-FAFC-4EC9-8639-336E6FD7A85C}.Debug|Itanium.ActiveCfg = Debug|x64
		{4C94C630-FAFC-4EC9-8639-336E6FD7A85C}.Debug|Win32.ActiveCfg = Release|x64
		{4C94C630-FAFC-4EC9-8639-336E6FD7A85C}.Debug|Win32.Build.0 = Release|x64
		{4C94C630-FAFC-4EC9-8639-336E6FD7A85C}.Debug|x64.ActiveCfg = Debug|x64
		{4C94C630-FAFC-4EC9-8639-336E6FD7A85C}.Debug|x64.Build.0 = Debug|x64
		{4C94C630-FAFC-4EC9-8639-336E6FD7A85C}.Release|Itanium.ActiveCfg = Release|x64
		{4C94C630-FAFC-4EC9-8639-336E6FD7A85C}.Release|Win32.ActiveCfg = Release|Win32
		{4C94C630-FAFC-4EC9-8639-336E6FD7A85C}.Release|Win32.Build.0 = Release|Win32
		{4C94C630-FAFC-4EC9-8639-336E6FD7A85C}.Release|x64.ActiveCfg = Release|x64
		{4C94C630-FAFC-4EC9-8639-336E6FD7A85C}.Release|x64.Build.0 = Release|x64
	EndGlobalSection
	GlobalSection(SolutionProperties) = preSolution
		HideSolutionNode = FALSE
	EndGlobalSection
EndGlobal
