<?xml version="1.0" encoding="utf-8"?>
<Project ToolsVersion="4.0" xmlns="http://schemas.microsoft.com/developer/msbuild/2003">
  <ItemGroup>
    <Filter Include="Common">
      <UniqueIdentifier>{07f494dc-4e64-4d10-abde-284b04678e18}</UniqueIdentifier>
    </Filter>
    <Filter Include="Shape">
      <UniqueIdentifier>{7acf12e3-d3e7-480d-bff4-5fdc4e34cade}</UniqueIdentifier>
    </Filter>
  </ItemGroup>
  <ItemGroup>
    <ClCompile Include="..\..\src\commonLib.cpp">
      <Filter>Common</Filter>
    </ClCompile>
    <ClCompile Include="..\..\src\dirent.c">
      <Filter>Common</Filter>
    </ClCompile>
    <ClCompile Include="..\..\src\tifFile.cpp">
      <Filter>Common</Filter>
    </ClCompile>
    <ClCompile Include="..\..\src\tiffIO.cpp">
      <Filter>Common</Filter>
    </ClCompile>
    <ClCompile Include="..\..\src\shape\cell.cpp">
      <Filter>Shape</Filter>
    </ClCompile>
    <ClCompile Include="..\..\src\shape\dbf.cpp">
      <Filter>Shape</Filter>
    </ClCompile>
    <ClCompile Include="..\..\src\shape\exception.cpp">
      <Filter>Shape</Filter>
    </ClCompile>
    <ClCompile Include="..\..\src\shape\field.cpp">
      <Filter>Shape</Filter>
    </ClCompile>
    <ClCompile Include="..\..\src\shape\item.cpp">
      <Filter>Shape</Filter>
    </ClCompile>
    <ClCompile Include="..\..\src\shape\point.cpp">
      <Filter>Shape</Filter>
    </ClCompile>
    <ClCompile Include="..\..\src\shape\ReadOutlets.cpp">
      <Filter>Shape</Filter>
    </ClCompile>
    <ClCompile Include="..\..\src\shape\record.cpp">
      <Filter>Shape</Filter>
    </ClCompile>
    <ClCompile Include="..\..\src\shape\shape.cpp">
      <Filter>Shape</Filter>
    </ClCompile>
    <ClCompile Include="..\..\src\shape\shapefile.cpp">
      <Filter>Shape</Filter>
    </ClCompile>
    <ClCompile Include="..\..\src\shape\shapemain.cpp">
      <Filter>Shape</Filter>
    </ClCompile>
    <ClCompile Include="..\..\src\shape\shp_point.cpp">
      <Filter>Shape</Filter>
    </ClCompile>
    <ClCompile Include="..\..\src\shape\shp_polygon.cpp">
      <Filter>Shape</Filter>
    </ClCompile>
    <ClCompile Include="..\..\src\shape\shp_polyline.cpp">
      <Filter>Shape</Filter>
    </ClCompile>
    <ClCompile Include="..\..\src\areadinf.cpp" />
    <ClCompile Include="..\..\src\areadinfmn.cpp" />
  </ItemGroup>
  <ItemGroup>
    <ResourceCompile Include="..\TauDEM.rc" />
  </ItemGroup>
</Project>